// !$*UTF8*$!
{
	archiveVersion = 1;
	classes = {
	};
	objectVersion = 56;
	objects = {

/* Begin PBXBuildFile section */
		645E6D5F2AF196200037E310 /* AppDelegate.swift in Sources */ = {isa = PBXBuildFile; fileRef = 645E6D5E2AF196200037E310 /* AppDelegate.swift */; };
		645E6D612AF196200037E310 /* SceneDelegate.swift in Sources */ = {isa = PBXBuildFile; fileRef = 645E6D602AF196200037E310 /* SceneDelegate.swift */; };
		645E6D632AF196200037E310 /* MainTabBarViewController.swift in Sources */ = {isa = PBXBuildFile; fileRef = 645E6D622AF196200037E310 /* MainTabBarViewController.swift */; };
		645E6D682AF196220037E310 /* Assets.xcassets in Resources */ = {isa = PBXBuildFile; fileRef = 645E6D672AF196220037E310 /* Assets.xcassets */; };
		645E6D6B2AF196220037E310 /* LaunchScreen.storyboard in Resources */ = {isa = PBXBuildFile; fileRef = 645E6D692AF196220037E310 /* LaunchScreen.storyboard */; };
		645E6D742AF19A520037E310 /* HomeViewController.swift in Sources */ = {isa = PBXBuildFile; fileRef = 645E6D732AF19A520037E310 /* HomeViewController.swift */; };
		645E6D762AF19AB10037E310 /* MarketViewController.swift in Sources */ = {isa = PBXBuildFile; fileRef = 645E6D752AF19AB10037E310 /* MarketViewController.swift */; };
		645E6D782AF19BC60037E310 /* InventoryViewController.swift in Sources */ = {isa = PBXBuildFile; fileRef = 645E6D772AF19BC60037E310 /* InventoryViewController.swift */; };
		645E6D7A2AF19BF90037E310 /* UserViewController.swift in Sources */ = {isa = PBXBuildFile; fileRef = 645E6D792AF19BF90037E310 /* UserViewController.swift */; };
		645E6D812AF1A8240037E310 /* CollectionViewTableViewCell.swift in Sources */ = {isa = PBXBuildFile; fileRef = 645E6D802AF1A8240037E310 /* CollectionViewTableViewCell.swift */; };
		646873442AF2DE300050CB85 /* HeroHeaderUIView.swift in Sources */ = {isa = PBXBuildFile; fileRef = 646873432AF2DE300050CB85 /* HeroHeaderUIView.swift */; };
/* End PBXBuildFile section */

/* Begin PBXFileReference section */
		645E6D5B2AF196200037E310 /* viewcodeAppExample.app */ = {isa = PBXFileReference; explicitFileType = wrapper.application; includeInIndex = 0; path = viewcodeAppExample.app; sourceTree = BUILT_PRODUCTS_DIR; };
		645E6D5E2AF196200037E310 /* AppDelegate.swift */ = {isa = PBXFileReference; lastKnownFileType = sourcecode.swift; path = AppDelegate.swift; sourceTree = "<group>"; };
		645E6D602AF196200037E310 /* SceneDelegate.swift */ = {isa = PBXFileReference; lastKnownFileType = sourcecode.swift; path = SceneDelegate.swift; sourceTree = "<group>"; };
		645E6D622AF196200037E310 /* MainTabBarViewController.swift */ = {isa = PBXFileReference; lastKnownFileType = sourcecode.swift; path = MainTabBarViewController.swift; sourceTree = "<group>"; };
		645E6D672AF196220037E310 /* Assets.xcassets */ = {isa = PBXFileReference; lastKnownFileType = folder.assetcatalog; path = Assets.xcassets; sourceTree = "<group>"; };
		645E6D6A2AF196220037E310 /* Base */ = {isa = PBXFileReference; lastKnownFileType = file.storyboard; name = Base; path = Base.lproj/LaunchScreen.storyboard; sourceTree = "<group>"; };
		645E6D6C2AF196220037E310 /* Info.plist */ = {isa = PBXFileReference; lastKnownFileType = text.plist.xml; path = Info.plist; sourceTree = "<group>"; };
		645E6D732AF19A520037E310 /* HomeViewController.swift */ = {isa = PBXFileReference; lastKnownFileType = sourcecode.swift; path = HomeViewController.swift; sourceTree = "<group>"; };
		645E6D752AF19AB10037E310 /* MarketViewController.swift */ = {isa = PBXFileReference; lastKnownFileType = sourcecode.swift; path = MarketViewController.swift; sourceTree = "<group>"; };
		645E6D772AF19BC60037E310 /* InventoryViewController.swift */ = {isa = PBXFileReference; lastKnownFileType = sourcecode.swift; path = InventoryViewController.swift; sourceTree = "<group>"; };
		645E6D792AF19BF90037E310 /* UserViewController.swift */ = {isa = PBXFileReference; lastKnownFileType = sourcecode.swift; path = UserViewController.swift; sourceTree = "<group>"; };
		645E6D802AF1A8240037E310 /* CollectionViewTableViewCell.swift */ = {isa = PBXFileReference; lastKnownFileType = sourcecode.swift; path = CollectionViewTableViewCell.swift; sourceTree = "<group>"; };
		646873432AF2DE300050CB85 /* HeroHeaderUIView.swift */ = {isa = PBXFileReference; lastKnownFileType = sourcecode.swift; path = HeroHeaderUIView.swift; sourceTree = "<group>"; };
/* End PBXFileReference section */

/* Begin PBXFrameworksBuildPhase section */
		645E6D582AF196200037E310 /* Frameworks */ = {
			isa = PBXFrameworksBuildPhase;
			buildActionMask = 2147483647;
			files = (
			);
			runOnlyForDeploymentPostprocessing = 0;
		};
/* End PBXFrameworksBuildPhase section */

/* Begin PBXGroup section */
		645E6D522AF196200037E310 = {
			isa = PBXGroup;
			children = (
				645E6D5D2AF196200037E310 /* viewcodeAppExample */,
				645E6D5C2AF196200037E310 /* Products */,
			);
			sourceTree = "<group>";
		};
		645E6D5C2AF196200037E310 /* Products */ = {
			isa = PBXGroup;
			children = (
				645E6D5B2AF196200037E310 /* viewcodeAppExample.app */,
			);
			name = Products;
			sourceTree = "<group>";
		};
		645E6D5D2AF196200037E310 /* viewcodeAppExample */ = {
			isa = PBXGroup;
			children = (
				645E6D7F2AF1A7900037E310 /* Managers */,
				645E6D7E2AF1A7760037E310 /* Resources */,
				645E6D7D2AF1A7460037E310 /* Models */,
				645E6D7B2AF1A7170037E310 /* Views */,
				645E6D7C2AF1A7290037E310 /* ViewModels */,
				645E6D722AF199F90037E310 /* Controllers */,
				645E6D5E2AF196200037E310 /* AppDelegate.swift */,
				645E6D602AF196200037E310 /* SceneDelegate.swift */,
				645E6D622AF196200037E310 /* MainTabBarViewController.swift */,
				645E6D672AF196220037E310 /* Assets.xcassets */,
				645E6D692AF196220037E310 /* LaunchScreen.storyboard */,
				645E6D6C2AF196220037E310 /* Info.plist */,
			);
			path = viewcodeAppExample;
			sourceTree = "<group>";
		};
		645E6D722AF199F90037E310 /* Controllers */ = {
			isa = PBXGroup;
			children = (
				645E6D732AF19A520037E310 /* HomeViewController.swift */,
				645E6D752AF19AB10037E310 /* MarketViewController.swift */,
				645E6D772AF19BC60037E310 /* InventoryViewController.swift */,
				645E6D792AF19BF90037E310 /* UserViewController.swift */,
			);
			path = Controllers;
			sourceTree = "<group>";
		};
		645E6D7B2AF1A7170037E310 /* Views */ = {
			isa = PBXGroup;
			children = (
				645E6D802AF1A8240037E310 /* CollectionViewTableViewCell.swift */,
				646873432AF2DE300050CB85 /* HeroHeaderUIView.swift */,
			);
			path = Views;
			sourceTree = "<group>";
		};
		645E6D7C2AF1A7290037E310 /* ViewModels */ = {
			isa = PBXGroup;
			children = (
			);
			path = ViewModels;
			sourceTree = "<group>";
		};
		645E6D7D2AF1A7460037E310 /* Models */ = {
			isa = PBXGroup;
			children = (
			);
			path = Models;
			sourceTree = "<group>";
		};
		645E6D7E2AF1A7760037E310 /* Resources */ = {
			isa = PBXGroup;
			children = (
			);
			path = Resources;
			sourceTree = "<group>";
		};
		645E6D7F2AF1A7900037E310 /* Managers */ = {
			isa = PBXGroup;
			children = (
			);
			path = Managers;
			sourceTree = "<group>";
		};
/* End PBXGroup section */

/* Begin PBXNativeTarget section */
		645E6D5A2AF196200037E310 /* viewcodeAppExample */ = {
			isa = PBXNativeTarget;
			buildConfigurationList = 645E6D6F2AF196220037E310 /* Build configuration list for PBXNativeTarget "viewcodeAppExample" */;
			buildPhases = (
				645E6D572AF196200037E310 /* Sources */,
				645E6D582AF196200037E310 /* Frameworks */,
				645E6D592AF196200037E310 /* Resources */,
			);
			buildRules = (
			);
			dependencies = (
			);
			name = viewcodeAppExample;
			productName = viewcodeAppExample;
			productReference = 645E6D5B2AF196200037E310 /* viewcodeAppExample.app */;
			productType = "com.apple.product-type.application";
		};
/* End PBXNativeTarget section */

/* Begin PBXProject section */
		645E6D532AF196200037E310 /* Project object */ = {
			isa = PBXProject;
			attributes = {
				BuildIndependentTargetsInParallel = 1;
				LastSwiftUpdateCheck = 1500;
				LastUpgradeCheck = 1500;
				TargetAttributes = {
					645E6D5A2AF196200037E310 = {
						CreatedOnToolsVersion = 15.0.1;
					};
				};
			};
			buildConfigurationList = 645E6D562AF196200037E310 /* Build configuration list for PBXProject "viewcodeAppExample" */;
			compatibilityVersion = "Xcode 14.0";
			developmentRegion = en;
			hasScannedForEncodings = 0;
			knownRegions = (
				en,
				Base,
			);
			mainGroup = 645E6D522AF196200037E310;
			productRefGroup = 645E6D5C2AF196200037E310 /* Products */;
			projectDirPath = "";
			projectRoot = "";
			targets = (
				645E6D5A2AF196200037E310 /* viewcodeAppExample */,
			);
		};
/* End PBXProject section */

/* Begin PBXResourcesBuildPhase section */
		645E6D592AF196200037E310 /* Resources */ = {
			isa = PBXResourcesBuildPhase;
			buildActionMask = 2147483647;
			files = (
				645E6D6B2AF196220037E310 /* LaunchScreen.storyboard in Resources */,
				645E6D682AF196220037E310 /* Assets.xcassets in Resources */,
			);
			runOnlyForDeploymentPostprocessing = 0;
		};
/* End PBXResourcesBuildPhase section */

/* Begin PBXSourcesBuildPhase section */
		645E6D572AF196200037E310 /* Sources */ = {
			isa = PBXSourcesBuildPhase;
			buildActionMask = 2147483647;
			files = (
				645E6D7A2AF19BF90037E310 /* UserViewController.swift in Sources */,
				645E6D632AF196200037E310 /* MainTabBarViewController.swift in Sources */,
				645E6D812AF1A8240037E310 /* CollectionViewTableViewCell.swift in Sources */,
				646873442AF2DE300050CB85 /* HeroHeaderUIView.swift in Sources */,
				645E6D782AF19BC60037E310 /* InventoryViewController.swift in Sources */,
				645E6D5F2AF196200037E310 /* AppDelegate.swift in Sources */,
				645E6D762AF19AB10037E310 /* MarketViewController.swift in Sources */,
				645E6D612AF196200037E310 /* SceneDelegate.swift in Sources */,
				645E6D742AF19A520037E310 /* HomeViewController.swift in Sources */,
			);
			runOnlyForDeploymentPostprocessing = 0;
		};
/* End PBXSourcesBuildPhase section */

/* Begin PBXVariantGroup section */
		645E6D692AF196220037E310 /* LaunchScreen.storyboard */ = {
			isa = PBXVariantGroup;
			children = (
				645E6D6A2AF196220037E310 /* Base */,
			);
			name = LaunchScreen.storyboard;
			sourceTree = "<group>";
		};
/* End PBXVariantGroup section */

/* Begin XCBuildConfiguration section */
		645E6D6D2AF196220037E310 /* Debug */ = {
			isa = XCBuildConfiguration;
			buildSettings = {
				ALWAYS_SEARCH_USER_PATHS = NO;
				ASSETCATALOG_COMPILER_GENERATE_SWIFT_ASSET_SYMBOL_EXTENSIONS = YES;
				CLANG_ANALYZER_NONNULL = YES;
				CLANG_ANALYZER_NUMBER_OBJECT_CONVERSION = YES_AGGRESSIVE;
				CLANG_CXX_LANGUAGE_STANDARD = "gnu++20";
				CLANG_ENABLE_MODULES = YES;
				CLANG_ENABLE_OBJC_ARC = YES;
				CLANG_ENABLE_OBJC_WEAK = YES;
				CLANG_WARN_BLOCK_CAPTURE_AUTORELEASING = YES;
				CLANG_WARN_BOOL_CONVERSION = YES;
				CLANG_WARN_COMMA = YES;
				CLANG_WARN_CONSTANT_CONVERSION = YES;
				CLANG_WARN_DEPRECATED_OBJC_IMPLEMENTATIONS = YES;
				CLANG_WARN_DIRECT_OBJC_ISA_USAGE = YES_ERROR;
				CLANG_WARN_DOCUMENTATION_COMMENTS = YES;
				CLANG_WARN_EMPTY_BODY = YES;
				CLANG_WARN_ENUM_CONVERSION = YES;
				CLANG_WARN_INFINITE_RECURSION = YES;
				CLANG_WARN_INT_CONVERSION = YES;
				CLANG_WARN_NON_LITERAL_NULL_CONVERSION = YES;
				CLANG_WARN_OBJC_IMPLICIT_RETAIN_SELF = YES;
				CLANG_WARN_OBJC_LITERAL_CONVERSION = YES;
				CLANG_WARN_OBJC_ROOT_CLASS = YES_ERROR;
				CLANG_WARN_QUOTED_INCLUDE_IN_FRAMEWORK_HEADER = YES;
				CLANG_WARN_RANGE_LOOP_ANALYSIS = YES;
				CLANG_WARN_STRICT_PROTOTYPES = YES;
				CLANG_WARN_SUSPICIOUS_MOVE = YES;
				CLANG_WARN_UNGUARDED_AVAILABILITY = YES_AGGRESSIVE;
				CLANG_WARN_UNREACHABLE_CODE = YES;
				CLANG_WARN__DUPLICATE_METHOD_MATCH = YES;
				COPY_PHASE_STRIP = NO;
				DEBUG_INFORMATION_FORMAT = dwarf;
				ENABLE_STRICT_OBJC_MSGSEND = YES;
				ENABLE_TESTABILITY = YES;
				ENABLE_USER_SCRIPT_SANDBOXING = YES;
				GCC_C_LANGUAGE_STANDARD = gnu17;
				GCC_DYNAMIC_NO_PIC = NO;
				GCC_NO_COMMON_BLOCKS = YES;
				GCC_OPTIMIZATION_LEVEL = 0;
				GCC_PREPROCESSOR_DEFINITIONS = (
					"DEBUG=1",
					"$(inherited)",
				);
				GCC_WARN_64_TO_32_BIT_CONVERSION = YES;
				GCC_WARN_ABOUT_RETURN_TYPE = YES_ERROR;
				GCC_WARN_UNDECLARED_SELECTOR = YES;
				GCC_WARN_UNINITIALIZED_AUTOS = YES_AGGRESSIVE;
				GCC_WARN_UNUSED_FUNCTION = YES;
				GCC_WARN_UNUSED_VARIABLE = YES;
				IPHONEOS_DEPLOYMENT_TARGET = 17.0;
				LOCALIZATION_PREFERS_STRING_CATALOGS = YES;
				MTL_ENABLE_DEBUG_INFO = INCLUDE_SOURCE;
				MTL_FAST_MATH = YES;
				ONLY_ACTIVE_ARCH = YES;
				SDKROOT = iphoneos;
				SWIFT_ACTIVE_COMPILATION_CONDITIONS = "DEBUG $(inherited)";
				SWIFT_OPTIMIZATION_LEVEL = "-Onone";
			};
			name = Debug;
		};
		645E6D6E2AF196220037E310 /* Release */ = {
			isa = XCBuildConfiguration;
			buildSettings = {
				ALWAYS_SEARCH_USER_PATHS = NO;
				ASSETCATALOG_COMPILER_GENERATE_SWIFT_ASSET_SYMBOL_EXTENSIONS = YES;
				CLANG_ANALYZER_NONNULL = YES;
				CLANG_ANALYZER_NUMBER_OBJECT_CONVERSION = YES_AGGRESSIVE;
				CLANG_CXX_LANGUAGE_STANDARD = "gnu++20";
				CLANG_ENABLE_MODULES = YES;
				CLANG_ENABLE_OBJC_ARC = YES;
				CLANG_ENABLE_OBJC_WEAK = YES;
				CLANG_WARN_BLOCK_CAPTURE_AUTORELEASING = YES;
				CLANG_WARN_BOOL_CONVERSION = YES;
				CLANG_WARN_COMMA = YES;
				CLANG_WARN_CONSTANT_CONVERSION = YES;
				CLANG_WARN_DEPRECATED_OBJC_IMPLEMENTATIONS = YES;
				CLANG_WARN_DIRECT_OBJC_ISA_USAGE = YES_ERROR;
				CLANG_WARN_DOCUMENTATION_COMMENTS = YES;
				CLANG_WARN_EMPTY_BODY = YES;
				CLANG_WARN_ENUM_CONVERSION = YES;
				CLANG_WARN_INFINITE_RECURSION = YES;
				CLANG_WARN_INT_CONVERSION = YES;
				CLANG_WARN_NON_LITERAL_NULL_CONVERSION = YES;
				CLANG_WARN_OBJC_IMPLICIT_RETAIN_SELF = YES;
				CLANG_WARN_OBJC_LITERAL_CONVERSION = YES;
				CLANG_WARN_OBJC_ROOT_CLASS = YES_ERROR;
				CLANG_WARN_QUOTED_INCLUDE_IN_FRAMEWORK_HEADER = YES;
				CLANG_WARN_RANGE_LOOP_ANALYSIS = YES;
				CLANG_WARN_STRICT_PROTOTYPES = YES;
				CLANG_WARN_SUSPICIOUS_MOVE = YES;
				CLANG_WARN_UNGUARDED_AVAILABILITY = YES_AGGRESSIVE;
				CLANG_WARN_UNREACHABLE_CODE = YES;
				CLANG_WARN__DUPLICATE_METHOD_MATCH = YES;
				COPY_PHASE_STRIP = NO;
				DEBUG_INFORMATION_FORMAT = "dwarf-with-dsym";
				ENABLE_NS_ASSERTIONS = NO;
				ENABLE_STRICT_OBJC_MSGSEND = YES;
				ENABLE_USER_SCRIPT_SANDBOXING = YES;
				GCC_C_LANGUAGE_STANDARD = gnu17;
				GCC_NO_COMMON_BLOCKS = YES;
				GCC_WARN_64_TO_32_BIT_CONVERSION = YES;
				GCC_WARN_ABOUT_RETURN_TYPE = YES_ERROR;
				GCC_WARN_UNDECLARED_SELECTOR = YES;
				GCC_WARN_UNINITIALIZED_AUTOS = YES_AGGRESSIVE;
				GCC_WARN_UNUSED_FUNCTION = YES;
				GCC_WARN_UNUSED_VARIABLE = YES;
				IPHONEOS_DEPLOYMENT_TARGET = 17.0;
				LOCALIZATION_PREFERS_STRING_CATALOGS = YES;
				MTL_ENABLE_DEBUG_INFO = NO;
				MTL_FAST_MATH = YES;
				SDKROOT = iphoneos;
				SWIFT_COMPILATION_MODE = wholemodule;
				VALIDATE_PRODUCT = YES;
			};
			name = Release;
		};
		645E6D702AF196220037E310 /* Debug */ = {
			isa = XCBuildConfiguration;
			buildSettings = {
				ASSETCATALOG_COMPILER_APPICON_NAME = AppIcon;
				ASSETCATALOG_COMPILER_GLOBAL_ACCENT_COLOR_NAME = AccentColor;
				CODE_SIGN_STYLE = Automatic;
				CURRENT_PROJECT_VERSION = 1;
				GENERATE_INFOPLIST_FILE = YES;
				INFOPLIST_FILE = viewcodeAppExample/Info.plist;
				INFOPLIST_KEY_UIApplicationSupportsIndirectInputEvents = YES;
				INFOPLIST_KEY_UILaunchStoryboardName = LaunchScreen;
				INFOPLIST_KEY_UISupportedInterfaceOrientations_iPad = "UIInterfaceOrientationPortrait UIInterfaceOrientationPortraitUpsideDown UIInterfaceOrientationLandscapeLeft UIInterfaceOrientationLandscapeRight";
				INFOPLIST_KEY_UISupportedInterfaceOrientations_iPhone = "UIInterfaceOrientationPortrait UIInterfaceOrientationLandscapeLeft UIInterfaceOrientationLandscapeRight";
				LD_RUNPATH_SEARCH_PATHS = (
					"$(inherited)",
					"@executable_path/Frameworks",
				);
				MARKETING_VERSION = 1.0;
				PRODUCT_BUNDLE_IDENTIFIER = com.marcelodeabreu.viewcodeAppExample;
				PRODUCT_NAME = "$(TARGET_NAME)";
				SWIFT_EMIT_LOC_STRINGS = YES;
				SWIFT_VERSION = 5.0;
				TARGETED_DEVICE_FAMILY = "1,2";
			};
			name = Debug;
		};
		645E6D712AF196220037E310 /* Release */ = {
			isa = XCBuildConfiguration;
			buildSettings = {
				ASSETCATALOG_COMPILER_APPICON_NAME = AppIcon;
				ASSETCATALOG_COMPILER_GLOBAL_ACCENT_COLOR_NAME = AccentColor;
				CODE_SIGN_STYLE = Automatic;
				CURRENT_PROJECT_VERSION = 1;
				GENERATE_INFOPLIST_FILE = YES;
				INFOPLIST_FILE = viewcodeAppExample/Info.plist;
				INFOPLIST_KEY_UIApplicationSupportsIndirectInputEvents = YES;
				INFOPLIST_KEY_UILaunchStoryboardName = LaunchScreen;
				INFOPLIST_KEY_UISupportedInterfaceOrientations_iPad = "UIInterfaceOrientationPortrait UIInterfaceOrientationPortraitUpsideDown UIInterfaceOrientationLandscapeLeft UIInterfaceOrientationLandscapeRight";
				INFOPLIST_KEY_UISupportedInterfaceOrientations_iPhone = "UIInterfaceOrientationPortrait UIInterfaceOrientationLandscapeLeft UIInterfaceOrientationLandscapeRight";
				LD_RUNPATH_SEARCH_PATHS = (
					"$(inherited)",
					"@executable_path/Frameworks",
				);
				MARKETING_VERSION = 1.0;
				PRODUCT_BUNDLE_IDENTIFIER = com.marcelodeabreu.viewcodeAppExample;
				PRODUCT_NAME = "$(TARGET_NAME)";
				SWIFT_EMIT_LOC_STRINGS = YES;
				SWIFT_VERSION = 5.0;
				TARGETED_DEVICE_FAMILY = "1,2";
			};
			name = Release;
		};
/* End XCBuildConfiguration section */

/* Begin XCConfigurationList section */
		645E6D562AF196200037E310 /* Build configuration list for PBXProject "viewcodeAppExample" */ = {
			isa = XCConfigurationList;
			buildConfigurations = (
				645E6D6D2AF196220037E310 /* Debug */,
				645E6D6E2AF196220037E310 /* Release */,
			);
			defaultConfigurationIsVisible = 0;
			defaultConfigurationName = Release;
		};
		645E6D6F2AF196220037E310 /* Build configuration list for PBXNativeTarget "viewcodeAppExample" */ = {
			isa = XCConfigurationList;
			buildConfigurations = (
				645E6D702AF196220037E310 /* Debug */,
				645E6D712AF196220037E310 /* Release */,
			);
			defaultConfigurationIsVisible = 0;
			defaultConfigurationName = Release;
		};
/* End XCConfigurationList section */
	};
	rootObject = 645E6D532AF196200037E310 /* Project object */;
}
